
Microsoft Visual Studio Solution File, Format Version 12.00
# Visual Studio Version 17
VisualStudioVersion = 17.1.32319.34
MinimumVisualStudioVersion = 10.0.40219.1
Project("{2150E333-8FDC-42A3-9474-1A3956D46DE8}") = "src", "src", "{13B513BC-7C4A-49C3-A056-761E5EA11688}"
EndProject
Project("{2150E333-8FDC-42A3-9474-1A3956D46DE8}") = "Api", "Api", "{E5866874-CD30-4318-A99F-973DF3BD30B5}"
EndProject
Project("{2150E333-8FDC-42A3-9474-1A3956D46DE8}") = "Clients", "Clients", "{339845C2-911E-4AF4-A762-87D2C9C8F642}"
EndProject
Project("{2150E333-8FDC-42A3-9474-1A3956D46DE8}") = "Common", "Common", "{8B16F100-B92B-4AD2-9949-02DA93B4869E}"
EndProject
Project("{2150E333-8FDC-42A3-9474-1A3956D46DE8}") = "Projections", "Projections", "{BC7F33E6-E2F8-4B31-B55C-A56769EA1F5F}"
EndProject
Project("{2150E333-8FDC-42A3-9474-1A3956D46DE8}") = "Core", "Core", "{CCE9AAB5-2E30-4006-B5BA-E5AAF2753B71}"
EndProject
Project("{2150E333-8FDC-42A3-9474-1A3956D46DE8}") = "Infrastructure", "Infrastructure", "{EF0A2951-9EE6-48E9-A4B4-93B0354BEC0E}"
EndProject
Project("{2150E333-8FDC-42A3-9474-1A3956D46DE8}") = "WebApi", "WebApi", "{95B1AC0E-E5C5-4ECB-BE3A-11A104C14484}"
EndProject
Project("{2150E333-8FDC-42A3-9474-1A3956D46DE8}") = "BlazorWeb", "BlazorWeb", "{28C36B32-584A-4C8B-9C5C-79D04913B601}"
EndProject
Project("{FAE04EC0-301F-11D3-BF4B-00C04F79EFBC}") = "BlazorSozluk.Common", "src\Common\BlazorSozluk.Common\BlazorSozluk.Common.csproj", "{CA517487-8755-40EE-8B5D-3F16E4E9ABBE}"
EndProject
Project("{FAE04EC0-301F-11D3-BF4B-00C04F79EFBC}") = "BlazorSozluk.Api.Domain", "src\Api\Core\BlazorSozluk.Api.Domain\BlazorSozluk.Api.Domain.csproj", "{C0A7CCE6-1956-4B79-ACC8-D69731BC6A1B}"
EndProject
Project("{FAE04EC0-301F-11D3-BF4B-00C04F79EFBC}") = "BlazorSozluk.Api.Application", "src\Api\Core\BlazorSozluk.Api.Application\BlazorSozluk.Api.Application.csproj", "{89E5143E-50DC-49C1-987F-D9568BD1AC7F}"
EndProject
Project("{FAE04EC0-301F-11D3-BF4B-00C04F79EFBC}") = "BlazorSozluk.Infrastructure.Persistence", "src\Api\Infrastructure\BlazorSozluk.Infrastructure.Persistence\BlazorSozluk.Infrastructure.Persistence.csproj", "{77E25BDD-358D-4AAF-AD55-E5FC955D58E0}"
EndProject
Project("{FAE04EC0-301F-11D3-BF4B-00C04F79EFBC}") = "BlazorSozluk.Api.WebApi", "src\Api\WebApi\BlazorSozluk.Api.WebApi\BlazorSozluk.Api.WebApi.csproj", "{318F6F4A-8867-4F14-8CC1-D8D91D8DCC33}"
EndProject
Project("{FAE04EC0-301F-11D3-BF4B-00C04F79EFBC}") = "BlazorSozluk.Projections.FavoriteService", "src\Projections\BlazorSozluk.Projections.FavoriteService\BlazorSozluk.Projections.FavoriteService.csproj", "{6BCE6A16-6FE4-493D-8B77-3DAFEF11D969}"
EndProject
Project("{FAE04EC0-301F-11D3-BF4B-00C04F79EFBC}") = "BlazorSozluk.Projections.UserService", "src\Projections\BlazorSozluk.Projections.User\BlazorSozluk.Projections.UserService.csproj", "{691EFC36-00F0-4B24-874F-254F2B63E93F}"
EndProject
Project("{FAE04EC0-301F-11D3-BF4B-00C04F79EFBC}") = "BlazorSozluk.Projections.VoteService", "src\Projections\BlazorSozluk.Projections.VoteService\BlazorSozluk.Projections.VoteService.csproj", "{68EFDC45-2951-42F9-AE2D-DD1293DF1B7B}"
EndProject
Project("{FAE04EC0-301F-11D3-BF4B-00C04F79EFBC}") = "BlazorSozluk.WebApp", "src\Clients\BlazorWeb\BlazorSozluk.WebApp\BlazorSozluk.WebApp.csproj", "{0B072652-4093-45D9-A1EE-932CE58D0EB4}"
EndProject
Global
	GlobalSection(SolutionConfigurationPlatforms) = preSolution
		Debug|Any CPU = Debug|Any CPU
		Release|Any CPU = Release|Any CPU
	EndGlobalSection
	GlobalSection(ProjectConfigurationPlatforms) = postSolution
		{CA517487-8755-40EE-8B5D-3F16E4E9ABBE}.Debug|Any CPU.ActiveCfg = Debug|Any CPU
		{CA517487-8755-40EE-8B5D-3F16E4E9ABBE}.Debug|Any CPU.Build.0 = Debug|Any CPU
		{CA517487-8755-40EE-8B5D-3F16E4E9ABBE}.Release|Any CPU.ActiveCfg = Release|Any CPU
		{CA517487-8755-40EE-8B5D-3F16E4E9ABBE}.Release|Any CPU.Build.0 = Release|Any CPU
		{C0A7CCE6-1956-4B79-ACC8-D69731BC6A1B}.Debug|Any CPU.ActiveCfg = Debug|Any CPU
		{C0A7CCE6-1956-4B79-ACC8-D69731BC6A1B}.Debug|Any CPU.Build.0 = Debug|Any CPU
		{C0A7CCE6-1956-4B79-ACC8-D69731BC6A1B}.Release|Any CPU.ActiveCfg = Release|Any CPU
		{C0A7CCE6-1956-4B79-ACC8-D69731BC6A1B}.Release|Any CPU.Build.0 = Release|Any CPU
		{89E5143E-50DC-49C1-987F-D9568BD1AC7F}.Debug|Any CPU.ActiveCfg = Debug|Any CPU
		{89E5143E-50DC-49C1-987F-D9568BD1AC7F}.Debug|Any CPU.Build.0 = Debug|Any CPU
		{89E5143E-50DC-49C1-987F-D9568BD1AC7F}.Release|Any CPU.ActiveCfg = Release|Any CPU
		{89E5143E-50DC-49C1-987F-D9568BD1AC7F}.Release|Any CPU.Build.0 = Release|Any CPU
		{77E25BDD-358D-4AAF-AD55-E5FC955D58E0}.Debug|Any CPU.ActiveCfg = Debug|Any CPU
		{77E25BDD-358D-4AAF-AD55-E5FC955D58E0}.Debug|Any CPU.Build.0 = Debug|Any CPU
		{77E25BDD-358D-4AAF-AD55-E5FC955D58E0}.Release|Any CPU.ActiveCfg = Release|Any CPU
		{77E25BDD-358D-4AAF-AD55-E5FC955D58E0}.Release|Any CPU.Build.0 = Release|Any CPU
		{318F6F4A-8867-4F14-8CC1-D8D91D8DCC33}.Debug|Any CPU.ActiveCfg = Debug|Any CPU
		{318F6F4A-8867-4F14-8CC1-D8D91D8DCC33}.Debug|Any CPU.Build.0 = Debug|Any CPU
		{318F6F4A-8867-4F14-8CC1-D8D91D8DCC33}.Release|Any CPU.ActiveCfg = Release|Any CPU
		{318F6F4A-8867-4F14-8CC1-D8D91D8DCC33}.Release|Any CPU.Build.0 = Release|Any CPU
		{6BCE6A16-6FE4-493D-8B77-3DAFEF11D969}.Debug|Any CPU.ActiveCfg = Debug|Any CPU
		{6BCE6A16-6FE4-493D-8B77-3DAFEF11D969}.Debug|Any CPU.Build.0 = Debug|Any CPU
		{6BCE6A16-6FE4-493D-8B77-3DAFEF11D969}.Release|Any CPU.ActiveCfg = Release|Any CPU
		{6BCE6A16-6FE4-493D-8B77-3DAFEF11D969}.Release|Any CPU.Build.0 = Release|Any CPU
		{691EFC36-00F0-4B24-874F-254F2B63E93F}.Debug|Any CPU.ActiveCfg = Debug|Any CPU
		{691EFC36-00F0-4B24-874F-254F2B63E93F}.Debug|Any CPU.Build.0 = Debug|Any CPU
		{691EFC36-00F0-4B24-874F-254F2B63E93F}.Release|Any CPU.ActiveCfg = Release|Any CPU
		{691EFC36-00F0-4B24-874F-254F2B63E93F}.Release|Any CPU.Build.0 = Release|Any CPU
		{68EFDC45-2951-42F9-AE2D-DD1293DF1B7B}.Debug|Any CPU.ActiveCfg = Debug|Any CPU
		{68EFDC45-2951-42F9-AE2D-DD1293DF1B7B}.Debug|Any CPU.Build.0 = Debug|Any CPU
		{68EFDC45-2951-42F9-AE2D-DD1293DF1B7B}.Release|Any CPU.ActiveCfg = Release|Any CPU
		{68EFDC45-2951-42F9-AE2D-DD1293DF1B7B}.Release|Any CPU.Build.0 = Release|Any CPU
		{0B072652-4093-45D9-A1EE-932CE58D0EB4}.Debug|Any CPU.ActiveCfg = Debug|Any CPU
		{0B072652-4093-45D9-A1EE-932CE58D0EB4}.Debug|Any CPU.Build.0 = Debug|Any CPU
		{0B072652-4093-45D9-A1EE-932CE58D0EB4}.Release|Any CPU.ActiveCfg = Release|Any CPU
		{0B072652-4093-45D9-A1EE-932CE58D0EB4}.Release|Any CPU.Build.0 = Release|Any CPU
	EndGlobalSection
	GlobalSection(SolutionProperties) = preSolution
		HideSolutionNode = FALSE
	EndGlobalSection
	GlobalSection(NestedProjects) = preSolution
		{E5866874-CD30-4318-A99F-973DF3BD30B5} = {13B513BC-7C4A-49C3-A056-761E5EA11688}
		{339845C2-911E-4AF4-A762-87D2C9C8F642} = {13B513BC-7C4A-49C3-A056-761E5EA11688}
		{8B16F100-B92B-4AD2-9949-02DA93B4869E} = {13B513BC-7C4A-49C3-A056-761E5EA11688}
		{BC7F33E6-E2F8-4B31-B55C-A56769EA1F5F} = {13B513BC-7C4A-49C3-A056-761E5EA11688}
		{CCE9AAB5-2E30-4006-B5BA-E5AAF2753B71} = {E5866874-CD30-4318-A99F-973DF3BD30B5}
		{EF0A2951-9EE6-48E9-A4B4-93B0354BEC0E} = {E5866874-CD30-4318-A99F-973DF3BD30B5}
		{95B1AC0E-E5C5-4ECB-BE3A-11A104C14484} = {E5866874-CD30-4318-A99F-973DF3BD30B5}
		{28C36B32-584A-4C8B-9C5C-79D04913B601} = {339845C2-911E-4AF4-A762-87D2C9C8F642}
		{CA517487-8755-40EE-8B5D-3F16E4E9ABBE} = {8B16F100-B92B-4AD2-9949-02DA93B4869E}
		{C0A7CCE6-1956-4B79-ACC8-D69731BC6A1B} = {CCE9AAB5-2E30-4006-B5BA-E5AAF2753B71}
		{89E5143E-50DC-49C1-987F-D9568BD1AC7F} = {CCE9AAB5-2E30-4006-B5BA-E5AAF2753B71}
		{77E25BDD-358D-4AAF-AD55-E5FC955D58E0} = {EF0A2951-9EE6-48E9-A4B4-93B0354BEC0E}
		{318F6F4A-8867-4F14-8CC1-D8D91D8DCC33} = {95B1AC0E-E5C5-4ECB-BE3A-11A104C14484}
		{6BCE6A16-6FE4-493D-8B77-3DAFEF11D969} = {BC7F33E6-E2F8-4B31-B55C-A56769EA1F5F}
		{691EFC36-00F0-4B24-874F-254F2B63E93F} = {BC7F33E6-E2F8-4B31-B55C-A56769EA1F5F}
		{68EFDC45-2951-42F9-AE2D-DD1293DF1B7B} = {BC7F33E6-E2F8-4B31-B55C-A56769EA1F5F}
		{0B072652-4093-45D9-A1EE-932CE58D0EB4} = {28C36B32-584A-4C8B-9C5C-79D04913B601}
	EndGlobalSection
	GlobalSection(ExtensibilityGlobals) = postSolution
		SolutionGuid = {7782544E-7033-4C1B-89D6-B4BF8B90F6BB}
	EndGlobalSection
EndGlobal
